
Microsoft Visual Studio Solution File, Format Version 12.00
# Visual Studio 15
VisualStudioVersion = 15.0.27004.2008
MinimumVisualStudioVersion = 10.0.40219.1
Project("{FAE04EC0-301F-11D3-BF4B-00C04F79EFBC}") = "ConsoleSandbox", "ConsoleSandbox\ConsoleSandbox.csproj", "{F41490A2-F824-40F6-8D9C-F35618662C30}"
EndProject
Project("{FAE04EC0-301F-11D3-BF4B-00C04F79EFBC}") = "ClassLibrary1", "ClassLibrary1\ClassLibrary1.csproj", "{F1497415-4F4D-465C-AE02-57F651788F08}"
EndProject
Global
	GlobalSection(SolutionConfigurationPlatforms) = preSolution
		Debug|Any CPU = Debug|Any CPU
		Release|Any CPU = Release|Any CPU
	EndGlobalSection
	GlobalSection(ProjectConfigurationPlatforms) = postSolution
		{F41490A2-F824-40F6-8D9C-F35618662C30}.Debug|Any CPU.ActiveCfg = Debug|Any CPU
		{F41490A2-F824-40F6-8D9C-F35618662C30}.Debug|Any CPU.Build.0 = Debug|Any CPU
		{F41490A2-F824-40F6-8D9C-F35618662C30}.Release|Any CPU.ActiveCfg = Release|Any CPU
		{F41490A2-F824-40F6-8D9C-F35618662C30}.Release|Any CPU.Build.0 = Release|Any CPU
		{F1497415-4F4D-465C-AE02-57F651788F08}.Debug|Any CPU.ActiveCfg = Debug|Any CPU
		{F1497415-4F4D-465C-AE02-57F651788F08}.Debug|Any CPU.Build.0 = Debug|Any CPU
		{F1497415-4F4D-465C-AE02-57F651788F08}.Release|Any CPU.ActiveCfg = Release|Any CPU
		{F1497415-4F4D-465C-AE02-57F651788F08}.Release|Any CPU.Build.0 = Release|Any CPU
	EndGlobalSection
	GlobalSection(SolutionProperties) = preSolution
		HideSolutionNode = FALSE
	EndGlobalSection
	GlobalSection(ExtensibilityGlobals) = postSolution
		SolutionGuid = {31C9F043-E73D-478E-AD8B-C21A1977EE67}
	EndGlobalSection
EndGlobal
